// !$*UTF8*$!
{
	archiveVersion = 1;
	classes = {
	};
	objectVersion = 52;
	objects = {

/* Begin PBXBuildFile section */
		5F21A79925D78FB000B41672 /* trevelBus.json in Resources */ = {isa = PBXBuildFile; fileRef = 5F21A79825D78FB000B41672 /* trevelBus.json */; };
		5F2BA2F625DA9C49005C58B3 /* HomeScreen_Facebook.swift in Sources */ = {isa = PBXBuildFile; fileRef = 5F2BA2F525DA9C49005C58B3 /* HomeScreen_Facebook.swift */; };
		5F2BA30425DACDB6005C58B3 /* StoryItem.swift in Sources */ = {isa = PBXBuildFile; fileRef = 5F2BA30325DACDB6005C58B3 /* StoryItem.swift */; };
		5F2BA30925DAD37C005C58B3 /* PostLine.swift in Sources */ = {isa = PBXBuildFile; fileRef = 5F2BA30825DAD37C005C58B3 /* PostLine.swift */; };
		5F2BA30E25DBECF3005C58B3 /* Post_Line_Double_Img.swift in Sources */ = {isa = PBXBuildFile; fileRef = 5F2BA30D25DBECF3005C58B3 /* Post_Line_Double_Img.swift */; };
		5F2BA31325DBFE30005C58B3 /* Create Room.swift in Sources */ = {isa = PBXBuildFile; fileRef = 5F2BA31225DBFE30005C58B3 /* Create Room.swift */; };
		5F2BA31825DC231E005C58B3 /* Profile_Post_Image_Line.swift in Sources */ = {isa = PBXBuildFile; fileRef = 5F2BA31725DC231E005C58B3 /* Profile_Post_Image_Line.swift */; };
		5F2F2A6125D9173700FE8C47 /* ItemPost.swift in Sources */ = {isa = PBXBuildFile; fileRef = 5F2F2A6025D9173700FE8C47 /* ItemPost.swift */; };
		5F2F2A6625D93AEC00FE8C47 /* ItemStory.swift in Sources */ = {isa = PBXBuildFile; fileRef = 5F2F2A6525D93AEC00FE8C47 /* ItemStory.swift */; };
		5F2F2A6B25D93F5300FE8C47 /* AddStory.swift in Sources */ = {isa = PBXBuildFile; fileRef = 5F2F2A6A25D93F5300FE8C47 /* AddStory.swift */; };
		5F38D15825D17F8400E8B43B /* AppDelegate.swift in Sources */ = {isa = PBXBuildFile; fileRef = 5F38D15725D17F8400E8B43B /* AppDelegate.swift */; };
		5F38D15A25D17F8400E8B43B /* SceneDelegate.swift in Sources */ = {isa = PBXBuildFile; fileRef = 5F38D15925D17F8400E8B43B /* SceneDelegate.swift */; };
		5F38D15F25D17F8400E8B43B /* SwiftUIDemo_1.xcdatamodeld in Sources */ = {isa = PBXBuildFile; fileRef = 5F38D15D25D17F8400E8B43B /* SwiftUIDemo_1.xcdatamodeld */; };
		5F38D16125D17F8800E8B43B /* Assets.xcassets in Resources */ = {isa = PBXBuildFile; fileRef = 5F38D16025D17F8800E8B43B /* Assets.xcassets */; };
		5F38D16425D17F8800E8B43B /* Preview Assets.xcassets in Resources */ = {isa = PBXBuildFile; fileRef = 5F38D16325D17F8800E8B43B /* Preview Assets.xcassets */; };
		5F38D16725D17F8800E8B43B /* LaunchScreen.storyboard in Resources */ = {isa = PBXBuildFile; fileRef = 5F38D16525D17F8800E8B43B /* LaunchScreen.storyboard */; };
		5F38D17225D17F8800E8B43B /* SwiftUIDemo_1Tests.swift in Sources */ = {isa = PBXBuildFile; fileRef = 5F38D17125D17F8800E8B43B /* SwiftUIDemo_1Tests.swift */; };
		5F38D17D25D17F8800E8B43B /* SwiftUIDemo_1UITests.swift in Sources */ = {isa = PBXBuildFile; fileRef = 5F38D17C25D17F8800E8B43B /* SwiftUIDemo_1UITests.swift */; };
		5F38D19025D181E500E8B43B /* HomeScreen.swift in Sources */ = {isa = PBXBuildFile; fileRef = 5F38D18F25D181E500E8B43B /* HomeScreen.swift */; };
		5F38D1ED25D2F3F500E8B43B /* DetailScreen.swift in Sources */ = {isa = PBXBuildFile; fileRef = 5F38D1EC25D2F3F500E8B43B /* DetailScreen.swift */; };
		5F38D1F225D6401600E8B43B /* PushingScreen.swift in Sources */ = {isa = PBXBuildFile; fileRef = 5F38D1F125D6401600E8B43B /* PushingScreen.swift */; };
		5F38D1F725D6426100E8B43B /* PresentScreen.swift in Sources */ = {isa = PBXBuildFile; fileRef = 5F38D1F625D6426100E8B43B /* PresentScreen.swift */; };
		5F38D20025D6538600E8B43B /* Protocol_1.swift in Sources */ = {isa = PBXBuildFile; fileRef = 5F38D1FF25D6538600E8B43B /* Protocol_1.swift */; };
		5F38D21025D65E8800E8B43B /* TabScreen.swift in Sources */ = {isa = PBXBuildFile; fileRef = 5F38D20F25D65E8800E8B43B /* TabScreen.swift */; };
		5F38D21525D6A3FE00E8B43B /* Udemy_Practice_SwiftUI_1.swift in Sources */ = {isa = PBXBuildFile; fileRef = 5F38D21425D6A3FE00E8B43B /* Udemy_Practice_SwiftUI_1.swift */; };
		5F38D21B25D6ACBB00E8B43B /* Pacifico-Regular.ttf in Resources */ = {isa = PBXBuildFile; fileRef = 5F38D21A25D6ACBB00E8B43B /* Pacifico-Regular.ttf */; };
		5F38D22025D6BFAF00E8B43B /* Udemy_Practice_SwiftUI_2.swift in Sources */ = {isa = PBXBuildFile; fileRef = 5F38D21F25D6BFAF00E8B43B /* Udemy_Practice_SwiftUI_2.swift */; };
		5F38D22625D78D1700E8B43B /* Lottie in Frameworks */ = {isa = PBXBuildFile; productRef = 5F38D22525D78D1700E8B43B /* Lottie */; };
		5FF4520D25D7A3F600CA0E74 /* LottieView.swift in Sources */ = {isa = PBXBuildFile; fileRef = 5FF4520C25D7A3F600CA0E74 /* LottieView.swift */; };
		5FF4521225D7A47100CA0E74 /* Animation_Views.swift in Sources */ = {isa = PBXBuildFile; fileRef = 5FF4521125D7A47100CA0E74 /* Animation_Views.swift */; };
		5FFAEB6825D7B57C00D16998 /* facebook.json in Resources */ = {isa = PBXBuildFile; fileRef = 5FFAEB6725D7B57C00D16998 /* facebook.json */; };
		5FFAEB6D25D7BD5200D16998 /* SignIn_Screen.swift in Sources */ = {isa = PBXBuildFile; fileRef = 5FFAEB6C25D7BD5200D16998 /* SignIn_Screen.swift */; };
		5FFAEB7225D7BD6800D16998 /* SignUp_Screen.swift in Sources */ = {isa = PBXBuildFile; fileRef = 5FFAEB7125D7BD6800D16998 /* SignUp_Screen.swift */; };
		5FFAEB7C25D8160500D16998 /* StarterScreen.swift in Sources */ = {isa = PBXBuildFile; fileRef = 5FFAEB7B25D8160500D16998 /* StarterScreen.swift */; };
		5FFAEB8425D82B2600D16998 /* Status.swift in Sources */ = {isa = PBXBuildFile; fileRef = 5FFAEB8325D82B2600D16998 /* Status.swift */; };
/* End PBXBuildFile section */

/* Begin PBXContainerItemProxy section */
		5F38D16E25D17F8800E8B43B /* PBXContainerItemProxy */ = {
			isa = PBXContainerItemProxy;
			containerPortal = 5F38D14C25D17F8400E8B43B /* Project object */;
			proxyType = 1;
			remoteGlobalIDString = 5F38D15325D17F8400E8B43B;
			remoteInfo = SwiftUIDemo_1;
		};
		5F38D17925D17F8800E8B43B /* PBXContainerItemProxy */ = {
			isa = PBXContainerItemProxy;
			containerPortal = 5F38D14C25D17F8400E8B43B /* Project object */;
			proxyType = 1;
			remoteGlobalIDString = 5F38D15325D17F8400E8B43B;
			remoteInfo = SwiftUIDemo_1;
		};
/* End PBXContainerItemProxy section */

/* Begin PBXFileReference section */
		5F21A79825D78FB000B41672 /* trevelBus.json */ = {isa = PBXFileReference; fileEncoding = 4; lastKnownFileType = text.json; path = trevelBus.json; sourceTree = "<group>"; };
		5F2BA2F525DA9C49005C58B3 /* HomeScreen_Facebook.swift */ = {isa = PBXFileReference; lastKnownFileType = sourcecode.swift; path = HomeScreen_Facebook.swift; sourceTree = "<group>"; };
		5F2BA30325DACDB6005C58B3 /* StoryItem.swift */ = {isa = PBXFileReference; lastKnownFileType = sourcecode.swift; path = StoryItem.swift; sourceTree = "<group>"; };
		5F2BA30825DAD37C005C58B3 /* PostLine.swift */ = {isa = PBXFileReference; lastKnownFileType = sourcecode.swift; path = PostLine.swift; sourceTree = "<group>"; };
		5F2BA30D25DBECF3005C58B3 /* Post_Line_Double_Img.swift */ = {isa = PBXFileReference; lastKnownFileType = sourcecode.swift; path = Post_Line_Double_Img.swift; sourceTree = "<group>"; };
		5F2BA31225DBFE30005C58B3 /* Create Room.swift */ = {isa = PBXFileReference; lastKnownFileType = sourcecode.swift; path = "Create Room.swift"; sourceTree = "<group>"; };
		5F2BA31725DC231E005C58B3 /* Profile_Post_Image_Line.swift */ = {isa = PBXFileReference; lastKnownFileType = sourcecode.swift; path = Profile_Post_Image_Line.swift; sourceTree = "<group>"; };
		5F2F2A6025D9173700FE8C47 /* ItemPost.swift */ = {isa = PBXFileReference; lastKnownFileType = sourcecode.swift; path = ItemPost.swift; sourceTree = "<group>"; };
		5F2F2A6525D93AEC00FE8C47 /* ItemStory.swift */ = {isa = PBXFileReference; lastKnownFileType = sourcecode.swift; path = ItemStory.swift; sourceTree = "<group>"; };
		5F2F2A6A25D93F5300FE8C47 /* AddStory.swift */ = {isa = PBXFileReference; lastKnownFileType = sourcecode.swift; path = AddStory.swift; sourceTree = "<group>"; };
		5F38D15425D17F8400E8B43B /* SwiftUIDemo_1.app */ = {isa = PBXFileReference; explicitFileType = wrapper.application; includeInIndex = 0; path = SwiftUIDemo_1.app; sourceTree = BUILT_PRODUCTS_DIR; };
		5F38D15725D17F8400E8B43B /* AppDelegate.swift */ = {isa = PBXFileReference; lastKnownFileType = sourcecode.swift; path = AppDelegate.swift; sourceTree = "<group>"; };
		5F38D15925D17F8400E8B43B /* SceneDelegate.swift */ = {isa = PBXFileReference; lastKnownFileType = sourcecode.swift; path = SceneDelegate.swift; sourceTree = "<group>"; };
		5F38D15E25D17F8400E8B43B /* SwiftUIDemo_1.xcdatamodel */ = {isa = PBXFileReference; lastKnownFileType = wrapper.xcdatamodel; path = SwiftUIDemo_1.xcdatamodel; sourceTree = "<group>"; };
		5F38D16025D17F8800E8B43B /* Assets.xcassets */ = {isa = PBXFileReference; lastKnownFileType = folder.assetcatalog; path = Assets.xcassets; sourceTree = "<group>"; };
		5F38D16325D17F8800E8B43B /* Preview Assets.xcassets */ = {isa = PBXFileReference; lastKnownFileType = folder.assetcatalog; path = "Preview Assets.xcassets"; sourceTree = "<group>"; };
		5F38D16625D17F8800E8B43B /* Base */ = {isa = PBXFileReference; lastKnownFileType = file.storyboard; name = Base; path = Base.lproj/LaunchScreen.storyboard; sourceTree = "<group>"; };
		5F38D16825D17F8800E8B43B /* Info.plist */ = {isa = PBXFileReference; lastKnownFileType = text.plist.xml; path = Info.plist; sourceTree = "<group>"; };
		5F38D16D25D17F8800E8B43B /* SwiftUIDemo_1Tests.xctest */ = {isa = PBXFileReference; explicitFileType = wrapper.cfbundle; includeInIndex = 0; path = SwiftUIDemo_1Tests.xctest; sourceTree = BUILT_PRODUCTS_DIR; };
		5F38D17125D17F8800E8B43B /* SwiftUIDemo_1Tests.swift */ = {isa = PBXFileReference; lastKnownFileType = sourcecode.swift; path = SwiftUIDemo_1Tests.swift; sourceTree = "<group>"; };
		5F38D17325D17F8800E8B43B /* Info.plist */ = {isa = PBXFileReference; lastKnownFileType = text.plist.xml; path = Info.plist; sourceTree = "<group>"; };
		5F38D17825D17F8800E8B43B /* SwiftUIDemo_1UITests.xctest */ = {isa = PBXFileReference; explicitFileType = wrapper.cfbundle; includeInIndex = 0; path = SwiftUIDemo_1UITests.xctest; sourceTree = BUILT_PRODUCTS_DIR; };
		5F38D17C25D17F8800E8B43B /* SwiftUIDemo_1UITests.swift */ = {isa = PBXFileReference; lastKnownFileType = sourcecode.swift; path = SwiftUIDemo_1UITests.swift; sourceTree = "<group>"; };
		5F38D17E25D17F8800E8B43B /* Info.plist */ = {isa = PBXFileReference; lastKnownFileType = text.plist.xml; path = Info.plist; sourceTree = "<group>"; };
		5F38D18F25D181E500E8B43B /* HomeScreen.swift */ = {isa = PBXFileReference; lastKnownFileType = sourcecode.swift; path = HomeScreen.swift; sourceTree = "<group>"; };
		5F38D1EC25D2F3F500E8B43B /* DetailScreen.swift */ = {isa = PBXFileReference; lastKnownFileType = sourcecode.swift; path = DetailScreen.swift; sourceTree = "<group>"; };
		5F38D1F125D6401600E8B43B /* PushingScreen.swift */ = {isa = PBXFileReference; lastKnownFileType = sourcecode.swift; path = PushingScreen.swift; sourceTree = "<group>"; };
		5F38D1F625D6426100E8B43B /* PresentScreen.swift */ = {isa = PBXFileReference; lastKnownFileType = sourcecode.swift; path = PresentScreen.swift; sourceTree = "<group>"; };
		5F38D1FF25D6538600E8B43B /* Protocol_1.swift */ = {isa = PBXFileReference; lastKnownFileType = sourcecode.swift; path = Protocol_1.swift; sourceTree = "<group>"; };
		5F38D20F25D65E8800E8B43B /* TabScreen.swift */ = {isa = PBXFileReference; lastKnownFileType = sourcecode.swift; path = TabScreen.swift; sourceTree = "<group>"; };
		5F38D21425D6A3FE00E8B43B /* Udemy_Practice_SwiftUI_1.swift */ = {isa = PBXFileReference; lastKnownFileType = sourcecode.swift; path = Udemy_Practice_SwiftUI_1.swift; sourceTree = "<group>"; };
		5F38D21A25D6ACBB00E8B43B /* Pacifico-Regular.ttf */ = {isa = PBXFileReference; lastKnownFileType = file; path = "Pacifico-Regular.ttf"; sourceTree = "<group>"; };
		5F38D21F25D6BFAF00E8B43B /* Udemy_Practice_SwiftUI_2.swift */ = {isa = PBXFileReference; lastKnownFileType = sourcecode.swift; path = Udemy_Practice_SwiftUI_2.swift; sourceTree = "<group>"; };
		5FF4520C25D7A3F600CA0E74 /* LottieView.swift */ = {isa = PBXFileReference; lastKnownFileType = sourcecode.swift; path = LottieView.swift; sourceTree = "<group>"; };
		5FF4521125D7A47100CA0E74 /* Animation_Views.swift */ = {isa = PBXFileReference; lastKnownFileType = sourcecode.swift; path = Animation_Views.swift; sourceTree = "<group>"; };
		5FFAEB6725D7B57C00D16998 /* facebook.json */ = {isa = PBXFileReference; fileEncoding = 4; lastKnownFileType = text.json; path = facebook.json; sourceTree = "<group>"; };
		5FFAEB6C25D7BD5200D16998 /* SignIn_Screen.swift */ = {isa = PBXFileReference; lastKnownFileType = sourcecode.swift; path = SignIn_Screen.swift; sourceTree = "<group>"; };
		5FFAEB7125D7BD6800D16998 /* SignUp_Screen.swift */ = {isa = PBXFileReference; lastKnownFileType = sourcecode.swift; path = SignUp_Screen.swift; sourceTree = "<group>"; };
		5FFAEB7B25D8160500D16998 /* StarterScreen.swift */ = {isa = PBXFileReference; lastKnownFileType = sourcecode.swift; path = StarterScreen.swift; sourceTree = "<group>"; };
		5FFAEB8325D82B2600D16998 /* Status.swift */ = {isa = PBXFileReference; lastKnownFileType = sourcecode.swift; path = Status.swift; sourceTree = "<group>"; };
/* End PBXFileReference section */

/* Begin PBXFrameworksBuildPhase section */
		5F38D15125D17F8400E8B43B /* Frameworks */ = {
			isa = PBXFrameworksBuildPhase;
			buildActionMask = 2147483647;
			files = (
				5F38D22625D78D1700E8B43B /* Lottie in Frameworks */,
			);
			runOnlyForDeploymentPostprocessing = 0;
		};
		5F38D16A25D17F8800E8B43B /* Frameworks */ = {
			isa = PBXFrameworksBuildPhase;
			buildActionMask = 2147483647;
			files = (
			);
			runOnlyForDeploymentPostprocessing = 0;
		};
		5F38D17525D17F8800E8B43B /* Frameworks */ = {
			isa = PBXFrameworksBuildPhase;
			buildActionMask = 2147483647;
			files = (
			);
			runOnlyForDeploymentPostprocessing = 0;
		};
/* End PBXFrameworksBuildPhase section */

/* Begin PBXGroup section */
		5F21A79725D78F8A00B41672 /* json_Files */ = {
			isa = PBXGroup;
			children = (
				5F21A79825D78FB000B41672 /* trevelBus.json */,
				5FFAEB6725D7B57C00D16998 /* facebook.json */,
				5FF4520C25D7A3F600CA0E74 /* LottieView.swift */,
			);
			path = json_Files;
			sourceTree = "<group>";
		};
		5F2BA2EF25DA9B6B005C58B3 /* Cells for Facebook */ = {
			isa = PBXGroup;
			children = (
				5F2BA30325DACDB6005C58B3 /* StoryItem.swift */,
				5F2BA31225DBFE30005C58B3 /* Create Room.swift */,
				5F2BA30825DAD37C005C58B3 /* PostLine.swift */,
				5F2BA30D25DBECF3005C58B3 /* Post_Line_Double_Img.swift */,
				5F2BA31725DC231E005C58B3 /* Profile_Post_Image_Line.swift */,
			);
			path = "Cells for Facebook";
			sourceTree = "<group>";
		};
		5F2BA2F025DA9B7F005C58B3 /* Cells for Insta Plus */ = {
			isa = PBXGroup;
			children = (
				5F2F2A6A25D93F5300FE8C47 /* AddStory.swift */,
				5F2F2A6025D9173700FE8C47 /* ItemPost.swift */,
				5F2F2A6525D93AEC00FE8C47 /* ItemStory.swift */,
			);
			path = "Cells for Insta Plus";
			sourceTree = "<group>";
		};
		5F2BA2F425DA9BDC005C58B3 /* Time Line for Facebook */ = {
			isa = PBXGroup;
			children = (
				5F2BA2F525DA9C49005C58B3 /* HomeScreen_Facebook.swift */,
			);
			path = "Time Line for Facebook";
			sourceTree = "<group>";
		};
		5F2F2A5F25D9170A00FE8C47 /* Cells */ = {
			isa = PBXGroup;
			children = (
				5F2BA2F025DA9B7F005C58B3 /* Cells for Insta Plus */,
				5F2BA2EF25DA9B6B005C58B3 /* Cells for Facebook */,
			);
			path = Cells;
			sourceTree = "<group>";
		};
		5F38D14B25D17F8400E8B43B = {
			isa = PBXGroup;
			children = (
				5F38D15625D17F8400E8B43B /* SwiftUIDemo_1 */,
				5F38D17025D17F8800E8B43B /* SwiftUIDemo_1Tests */,
				5F38D17B25D17F8800E8B43B /* SwiftUIDemo_1UITests */,
				5F38D15525D17F8400E8B43B /* Products */,
			);
			sourceTree = "<group>";
		};
		5F38D15525D17F8400E8B43B /* Products */ = {
			isa = PBXGroup;
			children = (
				5F38D15425D17F8400E8B43B /* SwiftUIDemo_1.app */,
				5F38D16D25D17F8800E8B43B /* SwiftUIDemo_1Tests.xctest */,
				5F38D17825D17F8800E8B43B /* SwiftUIDemo_1UITests.xctest */,
			);
			name = Products;
			sourceTree = "<group>";
		};
		5F38D15625D17F8400E8B43B /* SwiftUIDemo_1 */ = {
			isa = PBXGroup;
			children = (
				5F21A79725D78F8A00B41672 /* json_Files */,
				5F2F2A5F25D9170A00FE8C47 /* Cells */,
				5F38D1FE25D6535C00E8B43B /* Protocols */,
				5F38D18E25D1815900E8B43B /* Screens */,
				5F38D18D25D180DF00E8B43B /* Apputils */,
				5F38D15725D17F8400E8B43B /* AppDelegate.swift */,
				5F38D15925D17F8400E8B43B /* SceneDelegate.swift */,
				5F38D16825D17F8800E8B43B /* Info.plist */,
				5F38D16025D17F8800E8B43B /* Assets.xcassets */,
				5F38D16225D17F8800E8B43B /* Preview Content */,
			);
			path = SwiftUIDemo_1;
			sourceTree = "<group>";
		};
		5F38D16225D17F8800E8B43B /* Preview Content */ = {
			isa = PBXGroup;
			children = (
				5F38D16325D17F8800E8B43B /* Preview Assets.xcassets */,
			);
			path = "Preview Content";
			sourceTree = "<group>";
		};
		5F38D17025D17F8800E8B43B /* SwiftUIDemo_1Tests */ = {
			isa = PBXGroup;
			children = (
				5F38D17125D17F8800E8B43B /* SwiftUIDemo_1Tests.swift */,
				5F38D17325D17F8800E8B43B /* Info.plist */,
			);
			path = SwiftUIDemo_1Tests;
			sourceTree = "<group>";
		};
		5F38D17B25D17F8800E8B43B /* SwiftUIDemo_1UITests */ = {
			isa = PBXGroup;
			children = (
				5F38D17C25D17F8800E8B43B /* SwiftUIDemo_1UITests.swift */,
				5F38D17E25D17F8800E8B43B /* Info.plist */,
			);
			path = SwiftUIDemo_1UITests;
			sourceTree = "<group>";
		};
		5F38D18D25D180DF00E8B43B /* Apputils */ = {
			isa = PBXGroup;
			children = (
				5FFAEB8325D82B2600D16998 /* Status.swift */,
				5F38D21925D6AC7700E8B43B /* fonts */,
				5F38D16525D17F8800E8B43B /* LaunchScreen.storyboard */,
				5F38D15D25D17F8400E8B43B /* SwiftUIDemo_1.xcdatamodeld */,
			);
			path = Apputils;
			sourceTree = "<group>";
		};
		5F38D18E25D1815900E8B43B /* Screens */ = {
			isa = PBXGroup;
			children = (
				5FFAEB7625D8150E00D16998 /* Time Line for Insta Plus */,
				5F2BA2F425DA9BDC005C58B3 /* Time Line for Facebook */,
				5FFAEB7725D8153900D16998 /* others */,
			);
			path = Screens;
			sourceTree = "<group>";
		};
		5F38D1FE25D6535C00E8B43B /* Protocols */ = {
			isa = PBXGroup;
			children = (
				5F38D1FF25D6538600E8B43B /* Protocol_1.swift */,
			);
			path = Protocols;
			sourceTree = "<group>";
		};
		5F38D21925D6AC7700E8B43B /* fonts */ = {
			isa = PBXGroup;
			children = (
				5F38D21A25D6ACBB00E8B43B /* Pacifico-Regular.ttf */,
			);
			path = fonts;
			sourceTree = "<group>";
		};
		5FFAEB7625D8150E00D16998 /* Time Line for Insta Plus */ = {
			isa = PBXGroup;
			children = (
				5FFAEB7B25D8160500D16998 /* StarterScreen.swift */,
				5F38D18F25D181E500E8B43B /* HomeScreen.swift */,
				5FFAEB6C25D7BD5200D16998 /* SignIn_Screen.swift */,
				5FFAEB7125D7BD6800D16998 /* SignUp_Screen.swift */,
			);
			path = "Time Line for Insta Plus";
			sourceTree = "<group>";
		};
		5FFAEB7725D8153900D16998 /* others */ = {
			isa = PBXGroup;
			children = (
				5F38D1EC25D2F3F500E8B43B /* DetailScreen.swift */,
				5F38D1F625D6426100E8B43B /* PresentScreen.swift */,
				5F38D1F125D6401600E8B43B /* PushingScreen.swift */,
				5F38D20F25D65E8800E8B43B /* TabScreen.swift */,
				5F38D21425D6A3FE00E8B43B /* Udemy_Practice_SwiftUI_1.swift */,
				5F38D21F25D6BFAF00E8B43B /* Udemy_Practice_SwiftUI_2.swift */,
				5FF4521125D7A47100CA0E74 /* Animation_Views.swift */,
			);
			path = others;
			sourceTree = "<group>";
		};
/* End PBXGroup section */

/* Begin PBXNativeTarget section */
		5F38D15325D17F8400E8B43B /* SwiftUIDemo_1 */ = {
			isa = PBXNativeTarget;
			buildConfigurationList = 5F38D18125D17F8800E8B43B /* Build configuration list for PBXNativeTarget "SwiftUIDemo_1" */;
			buildPhases = (
				5F38D15025D17F8400E8B43B /* Sources */,
				5F38D15125D17F8400E8B43B /* Frameworks */,
				5F38D15225D17F8400E8B43B /* Resources */,
			);
			buildRules = (
			);
			dependencies = (
			);
			name = SwiftUIDemo_1;
			packageProductDependencies = (
				5F38D22525D78D1700E8B43B /* Lottie */,
			);
			productName = SwiftUIDemo_1;
			productReference = 5F38D15425D17F8400E8B43B /* SwiftUIDemo_1.app */;
			productType = "com.apple.product-type.application";
		};
		5F38D16C25D17F8800E8B43B /* SwiftUIDemo_1Tests */ = {
			isa = PBXNativeTarget;
			buildConfigurationList = 5F38D18425D17F8800E8B43B /* Build configuration list for PBXNativeTarget "SwiftUIDemo_1Tests" */;
			buildPhases = (
				5F38D16925D17F8800E8B43B /* Sources */,
				5F38D16A25D17F8800E8B43B /* Frameworks */,
				5F38D16B25D17F8800E8B43B /* Resources */,
			);
			buildRules = (
			);
			dependencies = (
				5F38D16F25D17F8800E8B43B /* PBXTargetDependency */,
			);
			name = SwiftUIDemo_1Tests;
			productName = SwiftUIDemo_1Tests;
			productReference = 5F38D16D25D17F8800E8B43B /* SwiftUIDemo_1Tests.xctest */;
			productType = "com.apple.product-type.bundle.unit-test";
		};
		5F38D17725D17F8800E8B43B /* SwiftUIDemo_1UITests */ = {
			isa = PBXNativeTarget;
			buildConfigurationList = 5F38D18725D17F8800E8B43B /* Build configuration list for PBXNativeTarget "SwiftUIDemo_1UITests" */;
			buildPhases = (
				5F38D17425D17F8800E8B43B /* Sources */,
				5F38D17525D17F8800E8B43B /* Frameworks */,
				5F38D17625D17F8800E8B43B /* Resources */,
			);
			buildRules = (
			);
			dependencies = (
				5F38D17A25D17F8800E8B43B /* PBXTargetDependency */,
			);
			name = SwiftUIDemo_1UITests;
			productName = SwiftUIDemo_1UITests;
			productReference = 5F38D17825D17F8800E8B43B /* SwiftUIDemo_1UITests.xctest */;
			productType = "com.apple.product-type.bundle.ui-testing";
		};
/* End PBXNativeTarget section */

/* Begin PBXProject section */
		5F38D14C25D17F8400E8B43B /* Project object */ = {
			isa = PBXProject;
			attributes = {
				LastSwiftUpdateCheck = 1230;
				LastUpgradeCheck = 1230;
				TargetAttributes = {
					5F38D15325D17F8400E8B43B = {
						CreatedOnToolsVersion = 12.3;
					};
					5F38D16C25D17F8800E8B43B = {
						CreatedOnToolsVersion = 12.3;
						TestTargetID = 5F38D15325D17F8400E8B43B;
					};
					5F38D17725D17F8800E8B43B = {
						CreatedOnToolsVersion = 12.3;
						TestTargetID = 5F38D15325D17F8400E8B43B;
					};
				};
			};
			buildConfigurationList = 5F38D14F25D17F8400E8B43B /* Build configuration list for PBXProject "SwiftUIDemo_1" */;
			compatibilityVersion = "Xcode 9.3";
			developmentRegion = en;
			hasScannedForEncodings = 0;
			knownRegions = (
				en,
				Base,
			);
			mainGroup = 5F38D14B25D17F8400E8B43B;
			packageReferences = (
				5F38D22425D78D1700E8B43B /* XCRemoteSwiftPackageReference "lottie-ios" */,
			);
			productRefGroup = 5F38D15525D17F8400E8B43B /* Products */;
			projectDirPath = "";
			projectRoot = "";
			targets = (
				5F38D15325D17F8400E8B43B /* SwiftUIDemo_1 */,
				5F38D16C25D17F8800E8B43B /* SwiftUIDemo_1Tests */,
				5F38D17725D17F8800E8B43B /* SwiftUIDemo_1UITests */,
			);
		};
/* End PBXProject section */

/* Begin PBXResourcesBuildPhase section */
		5F38D15225D17F8400E8B43B /* Resources */ = {
			isa = PBXResourcesBuildPhase;
			buildActionMask = 2147483647;
			files = (
				5F21A79925D78FB000B41672 /* trevelBus.json in Resources */,
				5F38D16725D17F8800E8B43B /* LaunchScreen.storyboard in Resources */,
				5F38D21B25D6ACBB00E8B43B /* Pacifico-Regular.ttf in Resources */,
				5FFAEB6825D7B57C00D16998 /* facebook.json in Resources */,
				5F38D16425D17F8800E8B43B /* Preview Assets.xcassets in Resources */,
				5F38D16125D17F8800E8B43B /* Assets.xcassets in Resources */,
			);
			runOnlyForDeploymentPostprocessing = 0;
		};
		5F38D16B25D17F8800E8B43B /* Resources */ = {
			isa = PBXResourcesBuildPhase;
			buildActionMask = 2147483647;
			files = (
			);
			runOnlyForDeploymentPostprocessing = 0;
		};
		5F38D17625D17F8800E8B43B /* Resources */ = {
			isa = PBXResourcesBuildPhase;
			buildActionMask = 2147483647;
			files = (
			);
			runOnlyForDeploymentPostprocessing = 0;
		};
/* End PBXResourcesBuildPhase section */

/* Begin PBXSourcesBuildPhase section */
		5F38D15025D17F8400E8B43B /* Sources */ = {
			isa = PBXSourcesBuildPhase;
			buildActionMask = 2147483647;
			files = (
				5F38D1F725D6426100E8B43B /* PresentScreen.swift in Sources */,
				5F38D1ED25D2F3F500E8B43B /* DetailScreen.swift in Sources */,
				5F2BA30425DACDB6005C58B3 /* StoryItem.swift in Sources */,
				5F2F2A6125D9173700FE8C47 /* ItemPost.swift in Sources */,
				5FF4521225D7A47100CA0E74 /* Animation_Views.swift in Sources */,
				5FFAEB8425D82B2600D16998 /* Status.swift in Sources */,
				5FFAEB7C25D8160500D16998 /* StarterScreen.swift in Sources */,
				5F2BA31325DBFE30005C58B3 /* Create Room.swift in Sources */,
				5F38D15825D17F8400E8B43B /* AppDelegate.swift in Sources */,
				5F2BA30E25DBECF3005C58B3 /* Post_Line_Double_Img.swift in Sources */,
				5F38D19025D181E500E8B43B /* HomeScreen.swift in Sources */,
				5F2BA2F625DA9C49005C58B3 /* HomeScreen_Facebook.swift in Sources */,
				5F2BA30925DAD37C005C58B3 /* PostLine.swift in Sources */,
				5F38D15A25D17F8400E8B43B /* SceneDelegate.swift in Sources */,
				5F38D21025D65E8800E8B43B /* TabScreen.swift in Sources */,
				5FFAEB7225D7BD6800D16998 /* SignUp_Screen.swift in Sources */,
				5F38D20025D6538600E8B43B /* Protocol_1.swift in Sources */,
				5F38D1F225D6401600E8B43B /* PushingScreen.swift in Sources */,
				5F38D22025D6BFAF00E8B43B /* Udemy_Practice_SwiftUI_2.swift in Sources */,
				5F38D15F25D17F8400E8B43B /* SwiftUIDemo_1.xcdatamodeld in Sources */,
				5FFAEB6D25D7BD5200D16998 /* SignIn_Screen.swift in Sources */,
				5F2BA31825DC231E005C58B3 /* Profile_Post_Image_Line.swift in Sources */,
				5F38D21525D6A3FE00E8B43B /* Udemy_Practice_SwiftUI_1.swift in Sources */,
				5FF4520D25D7A3F600CA0E74 /* LottieView.swift in Sources */,
				5F2F2A6625D93AEC00FE8C47 /* ItemStory.swift in Sources */,
				5F2F2A6B25D93F5300FE8C47 /* AddStory.swift in Sources */,
			);
			runOnlyForDeploymentPostprocessing = 0;
		};
		5F38D16925D17F8800E8B43B /* Sources */ = {
			isa = PBXSourcesBuildPhase;
			buildActionMask = 2147483647;
			files = (
				5F38D17225D17F8800E8B43B /* SwiftUIDemo_1Tests.swift in Sources */,
			);
			runOnlyForDeploymentPostprocessing = 0;
		};
		5F38D17425D17F8800E8B43B /* Sources */ = {
			isa = PBXSourcesBuildPhase;
			buildActionMask = 2147483647;
			files = (
				5F38D17D25D17F8800E8B43B /* SwiftUIDemo_1UITests.swift in Sources */,
			);
			runOnlyForDeploymentPostprocessing = 0;
		};
/* End PBXSourcesBuildPhase section */

/* Begin PBXTargetDependency section */
		5F38D16F25D17F8800E8B43B /* PBXTargetDependency */ = {
			isa = PBXTargetDependency;
			target = 5F38D15325D17F8400E8B43B /* SwiftUIDemo_1 */;
			targetProxy = 5F38D16E25D17F8800E8B43B /* PBXContainerItemProxy */;
		};
		5F38D17A25D17F8800E8B43B /* PBXTargetDependency */ = {
			isa = PBXTargetDependency;
			target = 5F38D15325D17F8400E8B43B /* SwiftUIDemo_1 */;
			targetProxy = 5F38D17925D17F8800E8B43B /* PBXContainerItemProxy */;
		};
/* End PBXTargetDependency section */

/* Begin PBXVariantGroup section */
		5F38D16525D17F8800E8B43B /* LaunchScreen.storyboard */ = {
			isa = PBXVariantGroup;
			children = (
				5F38D16625D17F8800E8B43B /* Base */,
			);
			name = LaunchScreen.storyboard;
			sourceTree = "<group>";
		};
/* End PBXVariantGroup section */

/* Begin XCBuildConfiguration section */
		5F38D17F25D17F8800E8B43B /* Debug */ = {
			isa = XCBuildConfiguration;
			buildSettings = {
				ALWAYS_SEARCH_USER_PATHS = NO;
				CLANG_ANALYZER_NONNULL = YES;
				CLANG_ANALYZER_NUMBER_OBJECT_CONVERSION = YES_AGGRESSIVE;
				CLANG_CXX_LANGUAGE_STANDARD = "gnu++14";
				CLANG_CXX_LIBRARY = "libc++";
				CLANG_ENABLE_MODULES = YES;
				CLANG_ENABLE_OBJC_ARC = YES;
				CLANG_ENABLE_OBJC_WEAK = YES;
				CLANG_WARN_BLOCK_CAPTURE_AUTORELEASING = YES;
				CLANG_WARN_BOOL_CONVERSION = YES;
				CLANG_WARN_COMMA = YES;
				CLANG_WARN_CONSTANT_CONVERSION = YES;
				CLANG_WARN_DEPRECATED_OBJC_IMPLEMENTATIONS = YES;
				CLANG_WARN_DIRECT_OBJC_ISA_USAGE = YES_ERROR;
				CLANG_WARN_DOCUMENTATION_COMMENTS = YES;
				CLANG_WARN_EMPTY_BODY = YES;
				CLANG_WARN_ENUM_CONVERSION = YES;
				CLANG_WARN_INFINITE_RECURSION = YES;
				CLANG_WARN_INT_CONVERSION = YES;
				CLANG_WARN_NON_LITERAL_NULL_CONVERSION = YES;
				CLANG_WARN_OBJC_IMPLICIT_RETAIN_SELF = YES;
				CLANG_WARN_OBJC_LITERAL_CONVERSION = YES;
				CLANG_WARN_OBJC_ROOT_CLASS = YES_ERROR;
				CLANG_WARN_QUOTED_INCLUDE_IN_FRAMEWORK_HEADER = YES;
				CLANG_WARN_RANGE_LOOP_ANALYSIS = YES;
				CLANG_WARN_STRICT_PROTOTYPES = YES;
				CLANG_WARN_SUSPICIOUS_MOVE = YES;
				CLANG_WARN_UNGUARDED_AVAILABILITY = YES_AGGRESSIVE;
				CLANG_WARN_UNREACHABLE_CODE = YES;
				CLANG_WARN__DUPLICATE_METHOD_MATCH = YES;
				COPY_PHASE_STRIP = NO;
				DEBUG_INFORMATION_FORMAT = dwarf;
				ENABLE_STRICT_OBJC_MSGSEND = YES;
				ENABLE_TESTABILITY = YES;
				GCC_C_LANGUAGE_STANDARD = gnu11;
				GCC_DYNAMIC_NO_PIC = NO;
				GCC_NO_COMMON_BLOCKS = YES;
				GCC_OPTIMIZATION_LEVEL = 0;
				GCC_PREPROCESSOR_DEFINITIONS = (
					"DEBUG=1",
					"$(inherited)",
				);
				GCC_WARN_64_TO_32_BIT_CONVERSION = YES;
				GCC_WARN_ABOUT_RETURN_TYPE = YES_ERROR;
				GCC_WARN_UNDECLARED_SELECTOR = YES;
				GCC_WARN_UNINITIALIZED_AUTOS = YES_AGGRESSIVE;
				GCC_WARN_UNUSED_FUNCTION = YES;
				GCC_WARN_UNUSED_VARIABLE = YES;
				IPHONEOS_DEPLOYMENT_TARGET = 14.3;
				MTL_ENABLE_DEBUG_INFO = INCLUDE_SOURCE;
				MTL_FAST_MATH = YES;
				ONLY_ACTIVE_ARCH = YES;
				SDKROOT = iphoneos;
				SWIFT_ACTIVE_COMPILATION_CONDITIONS = DEBUG;
				SWIFT_OPTIMIZATION_LEVEL = "-Onone";
			};
			name = Debug;
		};
		5F38D18025D17F8800E8B43B /* Release */ = {
			isa = XCBuildConfiguration;
			buildSettings = {
				ALWAYS_SEARCH_USER_PATHS = NO;
				CLANG_ANALYZER_NONNULL = YES;
				CLANG_ANALYZER_NUMBER_OBJECT_CONVERSION = YES_AGGRESSIVE;
				CLANG_CXX_LANGUAGE_STANDARD = "gnu++14";
				CLANG_CXX_LIBRARY = "libc++";
				CLANG_ENABLE_MODULES = YES;
				CLANG_ENABLE_OBJC_ARC = YES;
				CLANG_ENABLE_OBJC_WEAK = YES;
				CLANG_WARN_BLOCK_CAPTURE_AUTORELEASING = YES;
				CLANG_WARN_BOOL_CONVERSION = YES;
				CLANG_WARN_COMMA = YES;
				CLANG_WARN_CONSTANT_CONVERSION = YES;
				CLANG_WARN_DEPRECATED_OBJC_IMPLEMENTATIONS = YES;
				CLANG_WARN_DIRECT_OBJC_ISA_USAGE = YES_ERROR;
				CLANG_WARN_DOCUMENTATION_COMMENTS = YES;
				CLANG_WARN_EMPTY_BODY = YES;
				CLANG_WARN_ENUM_CONVERSION = YES;
				CLANG_WARN_INFINITE_RECURSION = YES;
				CLANG_WARN_INT_CONVERSION = YES;
				CLANG_WARN_NON_LITERAL_NULL_CONVERSION = YES;
				CLANG_WARN_OBJC_IMPLICIT_RETAIN_SELF = YES;
				CLANG_WARN_OBJC_LITERAL_CONVERSION = YES;
				CLANG_WARN_OBJC_ROOT_CLASS = YES_ERROR;
				CLANG_WARN_QUOTED_INCLUDE_IN_FRAMEWORK_HEADER = YES;
				CLANG_WARN_RANGE_LOOP_ANALYSIS = YES;
				CLANG_WARN_STRICT_PROTOTYPES = YES;
				CLANG_WARN_SUSPICIOUS_MOVE = YES;
				CLANG_WARN_UNGUARDED_AVAILABILITY = YES_AGGRESSIVE;
				CLANG_WARN_UNREACHABLE_CODE = YES;
				CLANG_WARN__DUPLICATE_METHOD_MATCH = YES;
				COPY_PHASE_STRIP = NO;
				DEBUG_INFORMATION_FORMAT = "dwarf-with-dsym";
				ENABLE_NS_ASSERTIONS = NO;
				ENABLE_STRICT_OBJC_MSGSEND = YES;
				GCC_C_LANGUAGE_STANDARD = gnu11;
				GCC_NO_COMMON_BLOCKS = YES;
				GCC_WARN_64_TO_32_BIT_CONVERSION = YES;
				GCC_WARN_ABOUT_RETURN_TYPE = YES_ERROR;
				GCC_WARN_UNDECLARED_SELECTOR = YES;
				GCC_WARN_UNINITIALIZED_AUTOS = YES_AGGRESSIVE;
				GCC_WARN_UNUSED_FUNCTION = YES;
				GCC_WARN_UNUSED_VARIABLE = YES;
				IPHONEOS_DEPLOYMENT_TARGET = 14.3;
				MTL_ENABLE_DEBUG_INFO = NO;
				MTL_FAST_MATH = YES;
				SDKROOT = iphoneos;
				SWIFT_COMPILATION_MODE = wholemodule;
				SWIFT_OPTIMIZATION_LEVEL = "-O";
				VALIDATE_PRODUCT = YES;
			};
			name = Release;
		};
		5F38D18225D17F8800E8B43B /* Debug */ = {
			isa = XCBuildConfiguration;
			buildSettings = {
				ASSETCATALOG_COMPILER_APPICON_NAME = AppIcon;
				ASSETCATALOG_COMPILER_GLOBAL_ACCENT_COLOR_NAME = AccentColor;
				CODE_SIGN_STYLE = Automatic;
				DEVELOPMENT_ASSET_PATHS = "\"SwiftUIDemo_1/Preview Content\"";
				ENABLE_PREVIEWS = YES;
				INFOPLIST_FILE = SwiftUIDemo_1/Info.plist;
				LD_RUNPATH_SEARCH_PATHS = (
					"$(inherited)",
					"@executable_path/Frameworks",
				);
				PRODUCT_BUNDLE_IDENTIFIER = "mrdunacdtm-gmail.com.SwiftUIDemo-1";
				PRODUCT_NAME = "$(TARGET_NAME)";
				SWIFT_VERSION = 5.0;
				TARGETED_DEVICE_FAMILY = "1,2";
			};
			name = Debug;
		};
		5F38D18325D17F8800E8B43B /* Release */ = {
			isa = XCBuildConfiguration;
			buildSettings = {
				ASSETCATALOG_COMPILER_APPICON_NAME = AppIcon;
				ASSETCATALOG_COMPILER_GLOBAL_ACCENT_COLOR_NAME = AccentColor;
				CODE_SIGN_STYLE = Automatic;
				DEVELOPMENT_ASSET_PATHS = "\"SwiftUIDemo_1/Preview Content\"";
				ENABLE_PREVIEWS = YES;
				INFOPLIST_FILE = SwiftUIDemo_1/Info.plist;
				LD_RUNPATH_SEARCH_PATHS = (
					"$(inherited)",
					"@executable_path/Frameworks",
				);
				PRODUCT_BUNDLE_IDENTIFIER = "mrdunacdtm-gmail.com.SwiftUIDemo-1";
				PRODUCT_NAME = "$(TARGET_NAME)";
				SWIFT_VERSION = 5.0;
				TARGETED_DEVICE_FAMILY = "1,2";
			};
			name = Release;
		};
		5F38D18525D17F8800E8B43B /* Debug */ = {
			isa = XCBuildConfiguration;
			buildSettings = {
				ALWAYS_EMBED_SWIFT_STANDARD_LIBRARIES = YES;
				BUNDLE_LOADER = "$(TEST_HOST)";
				CODE_SIGN_STYLE = Automatic;
				INFOPLIST_FILE = SwiftUIDemo_1Tests/Info.plist;
				IPHONEOS_DEPLOYMENT_TARGET = 14.3;
				LD_RUNPATH_SEARCH_PATHS = (
					"$(inherited)",
					"@executable_path/Frameworks",
					"@loader_path/Frameworks",
				);
				PRODUCT_BUNDLE_IDENTIFIER = "mrdunacdtm-gmail.com.SwiftUIDemo-1Tests";
				PRODUCT_NAME = "$(TARGET_NAME)";
				SWIFT_VERSION = 5.0;
				TARGETED_DEVICE_FAMILY = "1,2";
				TEST_HOST = "$(BUILT_PRODUCTS_DIR)/SwiftUIDemo_1.app/SwiftUIDemo_1";
			};
			name = Debug;
		};
		5F38D18625D17F8800E8B43B /* Release */ = {
			isa = XCBuildConfiguration;
			buildSettings = {
				ALWAYS_EMBED_SWIFT_STANDARD_LIBRARIES = YES;
				BUNDLE_LOADER = "$(TEST_HOST)";
				CODE_SIGN_STYLE = Automatic;
				INFOPLIST_FILE = SwiftUIDemo_1Tests/Info.plist;
				IPHONEOS_DEPLOYMENT_TARGET = 14.3;
				LD_RUNPATH_SEARCH_PATHS = (
					"$(inherited)",
					"@executable_path/Frameworks",
					"@loader_path/Frameworks",
				);
				PRODUCT_BUNDLE_IDENTIFIER = "mrdunacdtm-gmail.com.SwiftUIDemo-1Tests";
				PRODUCT_NAME = "$(TARGET_NAME)";
				SWIFT_VERSION = 5.0;
				TARGETED_DEVICE_FAMILY = "1,2";
				TEST_HOST = "$(BUILT_PRODUCTS_DIR)/SwiftUIDemo_1.app/SwiftUIDemo_1";
			};
			name = Release;
		};
		5F38D18825D17F8800E8B43B /* Debug */ = {
			isa = XCBuildConfiguration;
			buildSettings = {
				ALWAYS_EMBED_SWIFT_STANDARD_LIBRARIES = YES;
				CODE_SIGN_STYLE = Automatic;
				INFOPLIST_FILE = SwiftUIDemo_1UITests/Info.plist;
				LD_RUNPATH_SEARCH_PATHS = (
					"$(inherited)",
					"@executable_path/Frameworks",
					"@loader_path/Frameworks",
				);
				PRODUCT_BUNDLE_IDENTIFIER = "mrdunacdtm-gmail.com.SwiftUIDemo-1UITests";
				PRODUCT_NAME = "$(TARGET_NAME)";
				SWIFT_VERSION = 5.0;
				TARGETED_DEVICE_FAMILY = "1,2";
				TEST_TARGET_NAME = SwiftUIDemo_1;
			};
			name = Debug;
		};
		5F38D18925D17F8800E8B43B /* Release */ = {
			isa = XCBuildConfiguration;
			buildSettings = {
				ALWAYS_EMBED_SWIFT_STANDARD_LIBRARIES = YES;
				CODE_SIGN_STYLE = Automatic;
				INFOPLIST_FILE = SwiftUIDemo_1UITests/Info.plist;
				LD_RUNPATH_SEARCH_PATHS = (
					"$(inherited)",
					"@executable_path/Frameworks",
					"@loader_path/Frameworks",
				);
				PRODUCT_BUNDLE_IDENTIFIER = "mrdunacdtm-gmail.com.SwiftUIDemo-1UITests";
				PRODUCT_NAME = "$(TARGET_NAME)";
				SWIFT_VERSION = 5.0;
				TARGETED_DEVICE_FAMILY = "1,2";
				TEST_TARGET_NAME = SwiftUIDemo_1;
			};
			name = Release;
		};
/* End XCBuildConfiguration section */

/* Begin XCConfigurationList section */
		5F38D14F25D17F8400E8B43B /* Build configuration list for PBXProject "SwiftUIDemo_1" */ = {
			isa = XCConfigurationList;
			buildConfigurations = (
				5F38D17F25D17F8800E8B43B /* Debug */,
				5F38D18025D17F8800E8B43B /* Release */,
			);
			defaultConfigurationIsVisible = 0;
			defaultConfigurationName = Release;
		};
		5F38D18125D17F8800E8B43B /* Build configuration list for PBXNativeTarget "SwiftUIDemo_1" */ = {
			isa = XCConfigurationList;
			buildConfigurations = (
				5F38D18225D17F8800E8B43B /* Debug */,
				5F38D18325D17F8800E8B43B /* Release */,
			);
			defaultConfigurationIsVisible = 0;
			defaultConfigurationName = Release;
		};
		5F38D18425D17F8800E8B43B /* Build configuration list for PBXNativeTarget "SwiftUIDemo_1Tests" */ = {
			isa = XCConfigurationList;
			buildConfigurations = (
				5F38D18525D17F8800E8B43B /* Debug */,
				5F38D18625D17F8800E8B43B /* Release */,
			);
			defaultConfigurationIsVisible = 0;
			defaultConfigurationName = Release;
		};
		5F38D18725D17F8800E8B43B /* Build configuration list for PBXNativeTarget "SwiftUIDemo_1UITests" */ = {
			isa = XCConfigurationList;
			buildConfigurations = (
				5F38D18825D17F8800E8B43B /* Debug */,
				5F38D18925D17F8800E8B43B /* Release */,
			);
			defaultConfigurationIsVisible = 0;
			defaultConfigurationName = Release;
		};
/* End XCConfigurationList section */

/* Begin XCRemoteSwiftPackageReference section */
		5F38D22425D78D1700E8B43B /* XCRemoteSwiftPackageReference "lottie-ios" */ = {
			isa = XCRemoteSwiftPackageReference;
			repositoryURL = "https://github.com/airbnb/lottie-ios.git";
			requirement = {
				kind = upToNextMajorVersion;
				minimumVersion = 3.2.1;
			};
		};
/* End XCRemoteSwiftPackageReference section */

/* Begin XCSwiftPackageProductDependency section */
		5F38D22525D78D1700E8B43B /* Lottie */ = {
			isa = XCSwiftPackageProductDependency;
			package = 5F38D22425D78D1700E8B43B /* XCRemoteSwiftPackageReference "lottie-ios" */;
			productName = Lottie;
		};
/* End XCSwiftPackageProductDependency section */

/* Begin XCVersionGroup section */
		5F38D15D25D17F8400E8B43B /* SwiftUIDemo_1.xcdatamodeld */ = {
			isa = XCVersionGroup;
			children = (
				5F38D15E25D17F8400E8B43B /* SwiftUIDemo_1.xcdatamodel */,
			);
			currentVersion = 5F38D15E25D17F8400E8B43B /* SwiftUIDemo_1.xcdatamodel */;
			path = SwiftUIDemo_1.xcdatamodeld;
			sourceTree = "<group>";
			versionGroupType = wrapper.xcdatamodel;
		};
/* End XCVersionGroup section */
	};
	rootObject = 5F38D14C25D17F8400E8B43B /* Project object */;
}
